
Microsoft Visual Studio Solution File, Format Version 12.00
# Visual Studio Version 17
VisualStudioVersion = 17.7.34009.444
MinimumVisualStudioVersion = 10.0.40219.1
Project("{9A19103F-16F7-4668-BE54-9A1E7A4F7556}") = "Library", "HW 19\Library.csproj", "{E523B180-CC3B-4021-9664-2F3AA9C0872D}"
EndProject
Project("{FAE04EC0-301F-11D3-BF4B-00C04F79EFBC}") = "Librar.DAL", "Librar.DAL\Librar.DAL.csproj", "{AFCFAD53-E841-4296-916B-4F40A31B5C41}"
EndProject
Global
	GlobalSection(SolutionConfigurationPlatforms) = preSolution
		Debug|Any CPU = Debug|Any CPU
		Release|Any CPU = Release|Any CPU
	EndGlobalSection
	GlobalSection(ProjectConfigurationPlatforms) = postSolution
		{E523B180-CC3B-4021-9664-2F3AA9C0872D}.Debug|Any CPU.ActiveCfg = Debug|Any CPU
		{E523B180-CC3B-4021-9664-2F3AA9C0872D}.Debug|Any CPU.Build.0 = Debug|Any CPU
		{E523B180-CC3B-4021-9664-2F3AA9C0872D}.Release|Any CPU.ActiveCfg = Release|Any CPU
		{E523B180-CC3B-4021-9664-2F3AA9C0872D}.Release|Any CPU.Build.0 = Release|Any CPU
		{AFCFAD53-E841-4296-916B-4F40A31B5C41}.Debug|Any CPU.ActiveCfg = Debug|Any CPU
		{AFCFAD53-E841-4296-916B-4F40A31B5C41}.Debug|Any CPU.Build.0 = Debug|Any CPU
		{AFCFAD53-E841-4296-916B-4F40A31B5C41}.Release|Any CPU.ActiveCfg = Release|Any CPU
		{AFCFAD53-E841-4296-916B-4F40A31B5C41}.Release|Any CPU.Build.0 = Release|Any CPU
	EndGlobalSection
	GlobalSection(SolutionProperties) = preSolution
		HideSolutionNode = FALSE
	EndGlobalSection
	GlobalSection(ExtensibilityGlobals) = postSolution
		SolutionGuid = {D989BA05-8899-4A57-B23C-7B523822F8E9}
	EndGlobalSection
EndGlobal
